
Microsoft Visual Studio Solution File, Format Version 12.00
# Visual Studio Version 17
VisualStudioVersion = 17.7.34031.279
MinimumVisualStudioVersion = 10.0.40219.1
Project("{9A19103F-16F7-4668-BE54-9A1E7A4F7556}") = "TMcraft_Node_UserControl", "TMcraft_Node_UserControl\TMcraft_Node_UserControl.csproj", "{3353D6A5-2AF9-4421-8D46-29A825C4ADA4}"
EndProject
Project("{9A19103F-16F7-4668-BE54-9A1E7A4F7556}") = "TextFileManager", "TMcraft_Library\TextFileManager.csproj", "{A8EBA1AF-7B40-4A89-8D62-9BB3A8FB1551}"
EndProject
Project("{9A19103F-16F7-4668-BE54-9A1E7A4F7556}") = "TMcraft_Toolbar_UserControl", "TMcraft_Toolbar_UserControl\TMcraft_Toolbar_UserControl.csproj", "{8556839F-5E1E-43C8-80CD-876169408168}"
EndProject
Project("{9A19103F-16F7-4668-BE54-9A1E7A4F7556}") = "TMcraft_Test_App", "TMcraft_Test_App\TMcraft_Test_App.csproj", "{5F3439A2-327E-4576-8BE4-D23882BDD058}"
EndProject
Global
	GlobalSection(SolutionConfigurationPlatforms) = preSolution
		Debug|Any CPU = Debug|Any CPU
		Release|Any CPU = Release|Any CPU
	EndGlobalSection
	GlobalSection(ProjectConfigurationPlatforms) = postSolution
		{3353D6A5-2AF9-4421-8D46-29A825C4ADA4}.Debug|Any CPU.ActiveCfg = Debug|Any CPU
		{3353D6A5-2AF9-4421-8D46-29A825C4ADA4}.Debug|Any CPU.Build.0 = Debug|Any CPU
		{3353D6A5-2AF9-4421-8D46-29A825C4ADA4}.Release|Any CPU.ActiveCfg = Release|Any CPU
		{3353D6A5-2AF9-4421-8D46-29A825C4ADA4}.Release|Any CPU.Build.0 = Release|Any CPU
		{A8EBA1AF-7B40-4A89-8D62-9BB3A8FB1551}.Debug|Any CPU.ActiveCfg = Debug|Any CPU
		{A8EBA1AF-7B40-4A89-8D62-9BB3A8FB1551}.Debug|Any CPU.Build.0 = Debug|Any CPU
		{A8EBA1AF-7B40-4A89-8D62-9BB3A8FB1551}.Release|Any CPU.ActiveCfg = Release|Any CPU
		{A8EBA1AF-7B40-4A89-8D62-9BB3A8FB1551}.Release|Any CPU.Build.0 = Release|Any CPU
		{8556839F-5E1E-43C8-80CD-876169408168}.Debug|Any CPU.ActiveCfg = Debug|Any CPU
		{8556839F-5E1E-43C8-80CD-876169408168}.Debug|Any CPU.Build.0 = Debug|Any CPU
		{8556839F-5E1E-43C8-80CD-876169408168}.Release|Any CPU.ActiveCfg = Release|Any CPU
		{8556839F-5E1E-43C8-80CD-876169408168}.Release|Any CPU.Build.0 = Release|Any CPU
		{5F3439A2-327E-4576-8BE4-D23882BDD058}.Debug|Any CPU.ActiveCfg = Debug|Any CPU
		{5F3439A2-327E-4576-8BE4-D23882BDD058}.Debug|Any CPU.Build.0 = Debug|Any CPU
		{5F3439A2-327E-4576-8BE4-D23882BDD058}.Release|Any CPU.ActiveCfg = Release|Any CPU
		{5F3439A2-327E-4576-8BE4-D23882BDD058}.Release|Any CPU.Build.0 = Release|Any CPU
	EndGlobalSection
	GlobalSection(SolutionProperties) = preSolution
		HideSolutionNode = FALSE
	EndGlobalSection
	GlobalSection(ExtensibilityGlobals) = postSolution
		SolutionGuid = {FB34A415-5AEA-413F-80EE-3CDAAC3DCA0E}
	EndGlobalSection
EndGlobal
